
Microsoft Visual Studio Solution File, Format Version 12.00
# Visual Studio Version 17
VisualStudioVersion = 17.14.36202.13 d17.14
MinimumVisualStudioVersion = 10.0.40219.1
Project("{FAE04EC0-301F-11D3-BF4B-00C04F79EFBC}") = "FitSync", "Backend\FitSync.csproj", "{47BD1887-D1E4-75D6-5261-785C5C5B7467}"
EndProject
Global
	GlobalSection(SolutionConfigurationPlatforms) = preSolution
		Debug|Any CPU = Debug|Any CPU
		Release|Any CPU = Release|Any CPU
	EndGlobalSection
	GlobalSection(ProjectConfigurationPlatforms) = postSolution
		{47BD1887-D1E4-75D6-5261-785C5C5B7467}.Debug|Any CPU.ActiveCfg = Debug|Any CPU
		{47BD1887-D1E4-75D6-5261-785C5C5B7467}.Debug|Any CPU.Build.0 = Debug|Any CPU
		{47BD1887-D1E4-75D6-5261-785C5C5B7467}.Release|Any CPU.ActiveCfg = Release|Any CPU
		{47BD1887-D1E4-75D6-5261-785C5C5B7467}.Release|Any CPU.Build.0 = Release|Any CPU
	EndGlobalSection
	GlobalSection(SolutionProperties) = preSolution
		HideSolutionNode = FALSE
	EndGlobalSection
	GlobalSection(ExtensibilityGlobals) = postSolution
		SolutionGuid = {FAAE90A1-6976-436A-8C51-793DFECAA423}
	EndGlobalSection
EndGlobal
